
Microsoft Visual Studio Solution File, Format Version 12.00
# Visual Studio Version 17
VisualStudioVersion = 17.9.34723.18
MinimumVisualStudioVersion = 10.0.40219.1
Project("{FAE04EC0-301F-11D3-BF4B-00C04F79EFBC}") = "FameDirec", "FameDirec\FameDirec.csproj", "{B608A5BC-460A-4419-8E20-559AE9FADB47}"
EndProject
Project("{FAE04EC0-301F-11D3-BF4B-00C04F79EFBC}") = "FameDirecBL", "FameDirecBL\FameDirecBL.csproj", "{EE02D20A-9B4C-4177-B07E-7F96D62BFE52}"
EndProject
Global
	GlobalSection(SolutionConfigurationPlatforms) = preSolution
		Debug|Any CPU = Debug|Any CPU
		Release|Any CPU = Release|Any CPU
	EndGlobalSection
	GlobalSection(ProjectConfigurationPlatforms) = postSolution
		{B608A5BC-460A-4419-8E20-559AE9FADB47}.Debug|Any CPU.ActiveCfg = Debug|Any CPU
		{B608A5BC-460A-4419-8E20-559AE9FADB47}.Debug|Any CPU.Build.0 = Debug|Any CPU
		{B608A5BC-460A-4419-8E20-559AE9FADB47}.Release|Any CPU.ActiveCfg = Release|Any CPU
		{B608A5BC-460A-4419-8E20-559AE9FADB47}.Release|Any CPU.Build.0 = Release|Any CPU
		{EE02D20A-9B4C-4177-B07E-7F96D62BFE52}.Debug|Any CPU.ActiveCfg = Debug|Any CPU
		{EE02D20A-9B4C-4177-B07E-7F96D62BFE52}.Debug|Any CPU.Build.0 = Debug|Any CPU
		{EE02D20A-9B4C-4177-B07E-7F96D62BFE52}.Release|Any CPU.ActiveCfg = Release|Any CPU
		{EE02D20A-9B4C-4177-B07E-7F96D62BFE52}.Release|Any CPU.Build.0 = Release|Any CPU
	EndGlobalSection
	GlobalSection(SolutionProperties) = preSolution
		HideSolutionNode = FALSE
	EndGlobalSection
	GlobalSection(ExtensibilityGlobals) = postSolution
		SolutionGuid = {06A4A9AF-9489-447D-AEA3-25E0F3B5500D}
	EndGlobalSection
EndGlobal
